// !$*UTF8*$!
{
	archiveVersion = 1;
	classes = {
	};
	objectVersion = 46;
	objects = {

/* Begin PBXBuildFile section */
		B2666F491BD13B0A0019741A /* CalculatorBrain.swift in Sources */ = {isa = PBXBuildFile; fileRef = B2666F481BD13B0A0019741A /* CalculatorBrain.swift */; settings = {ASSET_TAGS = (); }; };
		B2E6E40E1BB853DF009985BA /* AppDelegate.swift in Sources */ = {isa = PBXBuildFile; fileRef = B2E6E40D1BB853DF009985BA /* AppDelegate.swift */; };
		B2E6E4101BB853E0009985BA /* ViewController.swift in Sources */ = {isa = PBXBuildFile; fileRef = B2E6E40F1BB853DF009985BA /* ViewController.swift */; };
		B2E6E4131BB853E0009985BA /* Main.storyboard in Resources */ = {isa = PBXBuildFile; fileRef = B2E6E4111BB853E0009985BA /* Main.storyboard */; };
		B2E6E4151BB853E0009985BA /* Images.xcassets in Resources */ = {isa = PBXBuildFile; fileRef = B2E6E4141BB853E0009985BA /* Images.xcassets */; };
		B2E6E4181BB853E0009985BA /* LaunchScreen.xib in Resources */ = {isa = PBXBuildFile; fileRef = B2E6E4161BB853E0009985BA /* LaunchScreen.xib */; };
		B2E6E4241BB853E0009985BA /* CalculatorTests.swift in Sources */ = {isa = PBXBuildFile; fileRef = B2E6E4231BB853E0009985BA /* CalculatorTests.swift */; };
/* End PBXBuildFile section */

/* Begin PBXContainerItemProxy section */
		B2E6E41E1BB853E0009985BA /* PBXContainerItemProxy */ = {
			isa = PBXContainerItemProxy;
			containerPortal = B2E6E4001BB853DF009985BA /* Project object */;
			proxyType = 1;
			remoteGlobalIDString = B2E6E4071BB853DF009985BA;
			remoteInfo = Calculator;
		};
/* End PBXContainerItemProxy section */

/* Begin PBXFileReference section */
		B2666F481BD13B0A0019741A /* CalculatorBrain.swift */ = {isa = PBXFileReference; fileEncoding = 4; lastKnownFileType = sourcecode.swift; path = CalculatorBrain.swift; sourceTree = "<group>"; };
		B2E6E4081BB853DF009985BA /* Calculator.app */ = {isa = PBXFileReference; explicitFileType = wrapper.application; includeInIndex = 0; path = Calculator.app; sourceTree = BUILT_PRODUCTS_DIR; };
		B2E6E40C1BB853DF009985BA /* Info.plist */ = {isa = PBXFileReference; lastKnownFileType = text.plist.xml; path = Info.plist; sourceTree = "<group>"; };
		B2E6E40D1BB853DF009985BA /* AppDelegate.swift */ = {isa = PBXFileReference; lastKnownFileType = sourcecode.swift; path = AppDelegate.swift; sourceTree = "<group>"; };
		B2E6E40F1BB853DF009985BA /* ViewController.swift */ = {isa = PBXFileReference; lastKnownFileType = sourcecode.swift; path = ViewController.swift; sourceTree = "<group>"; };
		B2E6E4121BB853E0009985BA /* Base */ = {isa = PBXFileReference; lastKnownFileType = file.storyboard; name = Base; path = Base.lproj/Main.storyboard; sourceTree = "<group>"; };
		B2E6E4141BB853E0009985BA /* Images.xcassets */ = {isa = PBXFileReference; lastKnownFileType = folder.assetcatalog; path = Images.xcassets; sourceTree = "<group>"; };
		B2E6E4171BB853E0009985BA /* Base */ = {isa = PBXFileReference; lastKnownFileType = file.xib; name = Base; path = Base.lproj/LaunchScreen.xib; sourceTree = "<group>"; };
		B2E6E41D1BB853E0009985BA /* CalculatorTests.xctest */ = {isa = PBXFileReference; explicitFileType = wrapper.cfbundle; includeInIndex = 0; path = CalculatorTests.xctest; sourceTree = BUILT_PRODUCTS_DIR; };
		B2E6E4221BB853E0009985BA /* Info.plist */ = {isa = PBXFileReference; lastKnownFileType = text.plist.xml; path = Info.plist; sourceTree = "<group>"; };
		B2E6E4231BB853E0009985BA /* CalculatorTests.swift */ = {isa = PBXFileReference; lastKnownFileType = sourcecode.swift; path = CalculatorTests.swift; sourceTree = "<group>"; };
/* End PBXFileReference section */

/* Begin PBXFrameworksBuildPhase section */
		B2E6E4051BB853DF009985BA /* Frameworks */ = {
			isa = PBXFrameworksBuildPhase;
			buildActionMask = 2147483647;
			files = (
			);
			runOnlyForDeploymentPostprocessing = 0;
		};
		B2E6E41A1BB853E0009985BA /* Frameworks */ = {
			isa = PBXFrameworksBuildPhase;
			buildActionMask = 2147483647;
			files = (
			);
			runOnlyForDeploymentPostprocessing = 0;
		};
/* End PBXFrameworksBuildPhase section */

/* Begin PBXGroup section */
		B2E6E3FF1BB853DF009985BA = {
			isa = PBXGroup;
			children = (
				B2E6E40A1BB853DF009985BA /* Calculator */,
				B2E6E4201BB853E0009985BA /* CalculatorTests */,
				B2E6E4091BB853DF009985BA /* Products */,
			);
			sourceTree = "<group>";
		};
		B2E6E4091BB853DF009985BA /* Products */ = {
			isa = PBXGroup;
			children = (
				B2E6E4081BB853DF009985BA /* Calculator.app */,
				B2E6E41D1BB853E0009985BA /* CalculatorTests.xctest */,
			);
			name = Products;
			sourceTree = "<group>";
		};
		B2E6E40A1BB853DF009985BA /* Calculator */ = {
			isa = PBXGroup;
			children = (
				B2E6E40F1BB853DF009985BA /* ViewController.swift */,
				B2E6E4111BB853E0009985BA /* Main.storyboard */,
				B2666F481BD13B0A0019741A /* CalculatorBrain.swift */,
				B2E6E40B1BB853DF009985BA /* Supporting Files */,
			);
			path = Calculator;
			sourceTree = "<group>";
		};
		B2E6E40B1BB853DF009985BA /* Supporting Files */ = {
			isa = PBXGroup;
			children = (
				B2E6E4161BB853E0009985BA /* LaunchScreen.xib */,
				B2E6E4141BB853E0009985BA /* Images.xcassets */,
				B2E6E40D1BB853DF009985BA /* AppDelegate.swift */,
				B2E6E40C1BB853DF009985BA /* Info.plist */,
			);
			name = "Supporting Files";
			sourceTree = "<group>";
		};
		B2E6E4201BB853E0009985BA /* CalculatorTests */ = {
			isa = PBXGroup;
			children = (
				B2E6E4231BB853E0009985BA /* CalculatorTests.swift */,
				B2E6E4211BB853E0009985BA /* Supporting Files */,
			);
			path = CalculatorTests;
			sourceTree = "<group>";
		};
		B2E6E4211BB853E0009985BA /* Supporting Files */ = {
			isa = PBXGroup;
			children = (
				B2E6E4221BB853E0009985BA /* Info.plist */,
			);
			name = "Supporting Files";
			sourceTree = "<group>";
		};
/* End PBXGroup section */

/* Begin PBXNativeTarget section */
		B2E6E4071BB853DF009985BA /* Calculator */ = {
			isa = PBXNativeTarget;
			buildConfigurationList = B2E6E4271BB853E0009985BA /* Build configuration list for PBXNativeTarget "Calculator" */;
			buildPhases = (
				B2E6E4041BB853DF009985BA /* Sources */,
				B2E6E4051BB853DF009985BA /* Frameworks */,
				B2E6E4061BB853DF009985BA /* Resources */,
			);
			buildRules = (
			);
			dependencies = (
			);
			name = Calculator;
			productName = Calculator;
			productReference = B2E6E4081BB853DF009985BA /* Calculator.app */;
			productType = "com.apple.product-type.application";
		};
		B2E6E41C1BB853E0009985BA /* CalculatorTests */ = {
			isa = PBXNativeTarget;
			buildConfigurationList = B2E6E42A1BB853E0009985BA /* Build configuration list for PBXNativeTarget "CalculatorTests" */;
			buildPhases = (
				B2E6E4191BB853E0009985BA /* Sources */,
				B2E6E41A1BB853E0009985BA /* Frameworks */,
				B2E6E41B1BB853E0009985BA /* Resources */,
			);
			buildRules = (
			);
			dependencies = (
				B2E6E41F1BB853E0009985BA /* PBXTargetDependency */,
			);
			name = CalculatorTests;
			productName = CalculatorTests;
			productReference = B2E6E41D1BB853E0009985BA /* CalculatorTests.xctest */;
			productType = "com.apple.product-type.bundle.unit-test";
		};
/* End PBXNativeTarget section */

/* Begin PBXProject section */
		B2E6E4001BB853DF009985BA /* Project object */ = {
			isa = PBXProject;
			attributes = {
				LastSwiftMigration = 0700;
				LastSwiftUpdateCheck = 0700;
				LastUpgradeCheck = 0700;
				ORGANIZATIONNAME = "Kate Arapova";
				TargetAttributes = {
					B2E6E4071BB853DF009985BA = {
						CreatedOnToolsVersion = 6.3;
					};
					B2E6E41C1BB853E0009985BA = {
						CreatedOnToolsVersion = 6.3;
						TestTargetID = B2E6E4071BB853DF009985BA;
					};
				};
			};
			buildConfigurationList = B2E6E4031BB853DF009985BA /* Build configuration list for PBXProject "Calculator" */;
			compatibilityVersion = "Xcode 3.2";
			developmentRegion = English;
			hasScannedForEncodings = 0;
			knownRegions = (
				en,
				Base,
			);
			mainGroup = B2E6E3FF1BB853DF009985BA;
			productRefGroup = B2E6E4091BB853DF009985BA /* Products */;
			projectDirPath = "";
			projectRoot = "";
			targets = (
				B2E6E4071BB853DF009985BA /* Calculator */,
				B2E6E41C1BB853E0009985BA /* CalculatorTests */,
			);
		};
/* End PBXProject section */

/* Begin PBXResourcesBuildPhase section */
		B2E6E4061BB853DF009985BA /* Resources */ = {
			isa = PBXResourcesBuildPhase;
			buildActionMask = 2147483647;
			files = (
				B2E6E4131BB853E0009985BA /* Main.storyboard in Resources */,
				B2E6E4181BB853E0009985BA /* LaunchScreen.xib in Resources */,
				B2E6E4151BB853E0009985BA /* Images.xcassets in Resources */,
			);
			runOnlyForDeploymentPostprocessing = 0;
		};
		B2E6E41B1BB853E0009985BA /* Resources */ = {
			isa = PBXResourcesBuildPhase;
			buildActionMask = 2147483647;
			files = (
			);
			runOnlyForDeploymentPostprocessing = 0;
		};
/* End PBXResourcesBuildPhase section */

/* Begin PBXSourcesBuildPhase section */
		B2E6E4041BB853DF009985BA /* Sources */ = {
			isa = PBXSourcesBuildPhase;
			buildActionMask = 2147483647;
			files = (
				B2666F491BD13B0A0019741A /* CalculatorBrain.swift in Sources */,
				B2E6E4101BB853E0009985BA /* ViewController.swift in Sources */,
				B2E6E40E1BB853DF009985BA /* AppDelegate.swift in Sources */,
			);
			runOnlyForDeploymentPostprocessing = 0;
		};
		B2E6E4191BB853E0009985BA /* Sources */ = {
			isa = PBXSourcesBuildPhase;
			buildActionMask = 2147483647;
			files = (
				B2E6E4241BB853E0009985BA /* CalculatorTests.swift in Sources */,
			);
			runOnlyForDeploymentPostprocessing = 0;
		};
/* End PBXSourcesBuildPhase section */

/* Begin PBXTargetDependency section */
		B2E6E41F1BB853E0009985BA /* PBXTargetDependency */ = {
			isa = PBXTargetDependency;
			target = B2E6E4071BB853DF009985BA /* Calculator */;
			targetProxy = B2E6E41E1BB853E0009985BA /* PBXContainerItemProxy */;
		};
/* End PBXTargetDependency section */

/* Begin PBXVariantGroup section */
		B2E6E4111BB853E0009985BA /* Main.storyboard */ = {
			isa = PBXVariantGroup;
			children = (
				B2E6E4121BB853E0009985BA /* Base */,
			);
			name = Main.storyboard;
			sourceTree = "<group>";
		};
		B2E6E4161BB853E0009985BA /* LaunchScreen.xib */ = {
			isa = PBXVariantGroup;
			children = (
				B2E6E4171BB853E0009985BA /* Base */,
			);
			name = LaunchScreen.xib;
			sourceTree = "<group>";
		};
/* End PBXVariantGroup section */

/* Begin XCBuildConfiguration section */
		B2E6E4251BB853E0009985BA /* Debug */ = {
			isa = XCBuildConfiguration;
			buildSettings = {
				ALWAYS_SEARCH_USER_PATHS = NO;
				CLANG_CXX_LANGUAGE_STANDARD = "gnu++0x";
				CLANG_CXX_LIBRARY = "libc++";
				CLANG_ENABLE_MODULES = YES;
				CLANG_ENABLE_OBJC_ARC = YES;
				CLANG_WARN_BOOL_CONVERSION = YES;
				CLANG_WARN_CONSTANT_CONVERSION = YES;
				CLANG_WARN_DIRECT_OBJC_ISA_USAGE = YES_ERROR;
				CLANG_WARN_EMPTY_BODY = YES;
				CLANG_WARN_ENUM_CONVERSION = YES;
				CLANG_WARN_INT_CONVERSION = YES;
				CLANG_WARN_OBJC_ROOT_CLASS = YES_ERROR;
				CLANG_WARN_UNREACHABLE_CODE = YES;
				CLANG_WARN__DUPLICATE_METHOD_MATCH = YES;
				"CODE_SIGN_IDENTITY[sdk=iphoneos*]" = "iPhone Developer";
				COPY_PHASE_STRIP = NO;
				DEBUG_INFORMATION_FORMAT = "dwarf-with-dsym";
				ENABLE_STRICT_OBJC_MSGSEND = YES;
				ENABLE_TESTABILITY = YES;
				GCC_C_LANGUAGE_STANDARD = gnu99;
				GCC_DYNAMIC_NO_PIC = NO;
				GCC_NO_COMMON_BLOCKS = YES;
				GCC_OPTIMIZATION_LEVEL = 0;
				GCC_PREPROCESSOR_DEFINITIONS = (
					"DEBUG=1",
					"$(inherited)",
				);
				GCC_SYMBOLS_PRIVATE_EXTERN = NO;
				GCC_WARN_64_TO_32_BIT_CONVERSION = YES;
				GCC_WARN_ABOUT_RETURN_TYPE = YES_ERROR;
				GCC_WARN_UNDECLARED_SELECTOR = YES;
				GCC_WARN_UNINITIALIZED_AUTOS = YES_AGGRESSIVE;
				GCC_WARN_UNUSED_FUNCTION = YES;
				GCC_WARN_UNUSED_VARIABLE = YES;
				IPHONEOS_DEPLOYMENT_TARGET = 9.0;
				MTL_ENABLE_DEBUG_INFO = YES;
				ONLY_ACTIVE_ARCH = YES;
				SDKROOT = iphoneos;
				SWIFT_OPTIMIZATION_LEVEL = "-Onone";
				TARGETED_DEVICE_FAMILY = "1,2";
			};
			name = Debug;
		};
		B2E6E4261BB853E0009985BA /* Release */ = {
			isa = XCBuildConfiguration;
			buildSettings = {
				ALWAYS_SEARCH_USER_PATHS = NO;
				CLANG_CXX_LANGUAGE_STANDARD = "gnu++0x";
				CLANG_CXX_LIBRARY = "libc++";
				CLANG_ENABLE_MODULES = YES;
				CLANG_ENABLE_OBJC_ARC = YES;
				CLANG_WARN_BOOL_CONVERSION = YES;
				CLANG_WARN_CONSTANT_CONVERSION = YES;
				CLANG_WARN_DIRECT_OBJC_ISA_USAGE = YES_ERROR;
				CLANG_WARN_EMPTY_BODY = YES;
				CLANG_WARN_ENUM_CONVERSION = YES;
				CLANG_WARN_INT_CONVERSION = YES;
				CLANG_WARN_OBJC_ROOT_CLASS = YES_ERROR;
				CLANG_WARN_UNREACHABLE_CODE = YES;
				CLANG_WARN__DUPLICATE_METHOD_MATCH = YES;
				"CODE_SIGN_IDENTITY[sdk=iphoneos*]" = "iPhone Developer";
				COPY_PHASE_STRIP = NO;
				DEBUG_INFORMATION_FORMAT = "dwarf-with-dsym";
				ENABLE_NS_ASSERTIONS = NO;
				ENABLE_STRICT_OBJC_MSGSEND = YES;
				GCC_C_LANGUAGE_STANDARD = gnu99;
				GCC_NO_COMMON_BLOCKS = YES;
				GCC_WARN_64_TO_32_BIT_CONVERSION = YES;
				GCC_WARN_ABOUT_RETURN_TYPE = YES_ERROR;
				GCC_WARN_UNDECLARED_SELECTOR = YES;
				GCC_WARN_UNINITIALIZED_AUTOS = YES_AGGRESSIVE;
				GCC_WARN_UNUSED_FUNCTION = YES;
				GCC_WARN_UNUSED_VARIABLE = YES;
				IPHONEOS_DEPLOYMENT_TARGET = 9.0;
				MTL_ENABLE_DEBUG_INFO = NO;
				SDKROOT = iphoneos;
				TARGETED_DEVICE_FAMILY = "1,2";
				VALIDATE_PRODUCT = YES;
			};
			name = Release;
		};
		B2E6E4281BB853E0009985BA /* Debug */ = {
			isa = XCBuildConfiguration;
			buildSettings = {
				ASSETCATALOG_COMPILER_APPICON_NAME = AppIcon;
				INFOPLIST_FILE = Calculator/Info.plist;
				LD_RUNPATH_SEARCH_PATHS = "$(inherited) @executable_path/Frameworks";
				PRODUCT_BUNDLE_IDENTIFIER = "itunesu.$(PRODUCT_NAME:rfc1034identifier)";
				PRODUCT_NAME = "$(TARGET_NAME)";
			};
			name = Debug;
		};
		B2E6E4291BB853E0009985BA /* Release */ = {
			isa = XCBuildConfiguration;
			buildSettings = {
				ASSETCATALOG_COMPILER_APPICON_NAME = AppIcon;
				INFOPLIST_FILE = Calculator/Info.plist;
				LD_RUNPATH_SEARCH_PATHS = "$(inherited) @executable_path/Frameworks";
				PRODUCT_BUNDLE_IDENTIFIER = "itunesu.$(PRODUCT_NAME:rfc1034identifier)";
				PRODUCT_NAME = "$(TARGET_NAME)";
			};
			name = Release;
		};
		B2E6E42B1BB853E0009985BA /* Debug */ = {
			isa = XCBuildConfiguration;
			buildSettings = {
				BUNDLE_LOADER = "$(TEST_HOST)";
				FRAMEWORK_SEARCH_PATHS = (
					"$(SDKROOT)/Developer/Library/Frameworks",
					"$(inherited)",
				);
				GCC_PREPROCESSOR_DEFINITIONS = (
					"DEBUG=1",
					"$(inherited)",
				);
				INFOPLIST_FILE = CalculatorTests/Info.plist;
				LD_RUNPATH_SEARCH_PATHS = "$(inherited) @executable_path/Frameworks @loader_path/Frameworks";
				PRODUCT_BUNDLE_IDENTIFIER = "itunesu.$(PRODUCT_NAME:rfc1034identifier)";
				PRODUCT_NAME = "$(TARGET_NAME)";
				TEST_HOST = "$(BUILT_PRODUCTS_DIR)/Calculator.app/Calculator";
			};
			name = Debug;
		};
		B2E6E42C1BB853E0009985BA /* Release */ = {
			isa = XCBuildConfiguration;
			buildSettings = {
				BUNDLE_LOADER = "$(TEST_HOST)";
				FRAMEWORK_SEARCH_PATHS = (
					"$(SDKROOT)/Developer/Library/Frameworks",
					"$(inherited)",
				);
				INFOPLIST_FILE = CalculatorTests/Info.plist;
				LD_RUNPATH_SEARCH_PATHS = "$(inherited) @executable_path/Frameworks @loader_path/Frameworks";
				PRODUCT_BUNDLE_IDENTIFIER = "itunesu.$(PRODUCT_NAME:rfc1034identifier)";
				PRODUCT_NAME = "$(TARGET_NAME)";
				TEST_HOST = "$(BUILT_PRODUCTS_DIR)/Calculator.app/Calculator";
			};
			name = Release;
		};
/* End XCBuildConfiguration section */

/* Begin XCConfigurationList section */
		B2E6E4031BB853DF009985BA /* Build configuration list for PBXProject "Calculator" */ = {
			isa = XCConfigurationList;
			buildConfigurations = (
				B2E6E4251BB853E0009985BA /* Debug */,
				B2E6E4261BB853E0009985BA /* Release */,
			);
			defaultConfigurationIsVisible = 0;
			defaultConfigurationName = Release;
		};
		B2E6E4271BB853E0009985BA /* Build configuration list for PBXNativeTarget "Calculator" */ = {
			isa = XCConfigurationList;
			buildConfigurations = (
				B2E6E4281BB853E0009985BA /* Debug */,
				B2E6E4291BB853E0009985BA /* Release */,
			);
			defaultConfigurationIsVisible = 0;
			defaultConfigurationName = Release;
		};
		B2E6E42A1BB853E0009985BA /* Build configuration list for PBXNativeTarget "CalculatorTests" */ = {
			isa = XCConfigurationList;
			buildConfigurations = (
				B2E6E42B1BB853E0009985BA /* Debug */,
				B2E6E42C1BB853E0009985BA /* Release */,
			);
			defaultConfigurationIsVisible = 0;
			defaultConfigurationName = Release;
		};
/* End XCConfigurationList section */
	};
	rootObject = B2E6E4001BB853DF009985BA /* Project object */;
}
